
Microsoft Visual Studio Solution File, Format Version 12.00
# Visual Studio Version 17
VisualStudioVersion = 17.6.33723.286
MinimumVisualStudioVersion = 10.0.40219.1
Project("{F184B08F-C81C-45F6-A57F-5ABD9991F28F}") = "BasicMath2023", "BasicMath2023.vbproj", "{CBDB3586-B738-409A-B34A-3A0D7075B501}"
EndProject
Global
	GlobalSection(SolutionConfigurationPlatforms) = preSolution
		Debug|Any CPU = Debug|Any CPU
		Release|Any CPU = Release|Any CPU
	EndGlobalSection
	GlobalSection(ProjectConfigurationPlatforms) = postSolution
		{CBDB3586-B738-409A-B34A-3A0D7075B501}.Debug|Any CPU.ActiveCfg = Debug|Any CPU
		{CBDB3586-B738-409A-B34A-3A0D7075B501}.Debug|Any CPU.Build.0 = Debug|Any CPU
		{CBDB3586-B738-409A-B34A-3A0D7075B501}.Release|Any CPU.ActiveCfg = Release|Any CPU
		{CBDB3586-B738-409A-B34A-3A0D7075B501}.Release|Any CPU.Build.0 = Release|Any CPU
	EndGlobalSection
	GlobalSection(SolutionProperties) = preSolution
		HideSolutionNode = FALSE
	EndGlobalSection
	GlobalSection(ExtensibilityGlobals) = postSolution
		SolutionGuid = {FCD02C3E-2BE2-4BAA-BBFE-95173BFE3238}
	EndGlobalSection
EndGlobal
